
Microsoft Visual Studio Solution File, Format Version 12.00
# Visual Studio Version 16
VisualStudioVersion = 16.0.31515.178
MinimumVisualStudioVersion = 10.0.40219.1
Project("{FAE04EC0-301F-11D3-BF4B-00C04F79EFBC}") = "CallLogSample", "CallLogSample\CallLogSample.csproj", "{A0CDD0EE-2D86-45BC-BF28-2765B6D6E712}"
EndProject
Global
	GlobalSection(SolutionConfigurationPlatforms) = preSolution
		Debug|Any CPU = Debug|Any CPU
		Release|Any CPU = Release|Any CPU
	EndGlobalSection
	GlobalSection(ProjectConfigurationPlatforms) = postSolution
		{A0CDD0EE-2D86-45BC-BF28-2765B6D6E712}.Debug|Any CPU.ActiveCfg = Debug|Any CPU
		{A0CDD0EE-2D86-45BC-BF28-2765B6D6E712}.Debug|Any CPU.Build.0 = Debug|Any CPU
		{A0CDD0EE-2D86-45BC-BF28-2765B6D6E712}.Debug|Any CPU.Deploy.0 = Debug|Any CPU
		{A0CDD0EE-2D86-45BC-BF28-2765B6D6E712}.Release|Any CPU.ActiveCfg = Release|Any CPU
		{A0CDD0EE-2D86-45BC-BF28-2765B6D6E712}.Release|Any CPU.Build.0 = Release|Any CPU
		{A0CDD0EE-2D86-45BC-BF28-2765B6D6E712}.Release|Any CPU.Deploy.0 = Release|Any CPU
	EndGlobalSection
	GlobalSection(SolutionProperties) = preSolution
		HideSolutionNode = FALSE
	EndGlobalSection
	GlobalSection(ExtensibilityGlobals) = postSolution
		SolutionGuid = {0BA0F3CF-9A63-4A0D-B5E3-9B6D8A7DB7E6}
	EndGlobalSection
EndGlobal
